
Microsoft Visual Studio Solution File, Format Version 12.00
# Visual Studio Version 16
VisualStudioVersion = 16.0.31321.278
MinimumVisualStudioVersion = 10.0.40219.1
Project("{FAE04EC0-301F-11D3-BF4B-00C04F79EFBC}") = "Benchmark", "Benchmark\Benchmark.csproj", "{14B50A5F-0425-42F3-83D8-34AEB31B142B}"
EndProject
Global
	GlobalSection(SolutionConfigurationPlatforms) = preSolution
		Debug|Any CPU = Debug|Any CPU
		Release|Any CPU = Release|Any CPU
	EndGlobalSection
	GlobalSection(ProjectConfigurationPlatforms) = postSolution
		{14B50A5F-0425-42F3-83D8-34AEB31B142B}.Debug|Any CPU.ActiveCfg = Debug|Any CPU
		{14B50A5F-0425-42F3-83D8-34AEB31B142B}.Debug|Any CPU.Build.0 = Debug|Any CPU
		{14B50A5F-0425-42F3-83D8-34AEB31B142B}.Release|Any CPU.ActiveCfg = Release|Any CPU
		{14B50A5F-0425-42F3-83D8-34AEB31B142B}.Release|Any CPU.Build.0 = Release|Any CPU
	EndGlobalSection
	GlobalSection(SolutionProperties) = preSolution
		HideSolutionNode = FALSE
	EndGlobalSection
	GlobalSection(ExtensibilityGlobals) = postSolution
		SolutionGuid = {F5409637-52B5-442E-B0C0-A950CF81CB90}
	EndGlobalSection
EndGlobal
